
Microsoft Visual Studio Solution File, Format Version 12.00
# Visual Studio Version 17
VisualStudioVersion = 17.0.31903.59
MinimumVisualStudioVersion = 10.0.40219.1
Project("{2150E333-8FDC-42A3-9474-1A3956D46DE8}") = "src", "src", "{827E0CD3-B72D-47B6-A68D-7590B98EB39B}"
EndProject
Project("{FAE04EC0-301F-11D3-BF4B-00C04F79EFBC}") = "Unhallowed.Contracts", "src\Unhallowed.Contracts\Unhallowed.Contracts.csproj", "{F30C5472-2D55-4FDE-A1EC-CB0B08AE254D}"
EndProject
Project("{FAE04EC0-301F-11D3-BF4B-00C04F79EFBC}") = "Unhallowed.Core", "src\Unhallowed.Core\Unhallowed.Core.csproj", "{209B6806-F500-4C40-9523-F74A4B2C7C5B}"
EndProject
Project("{FAE04EC0-301F-11D3-BF4B-00C04F79EFBC}") = "Unhallowed.Persistence", "src\Unhallowed.Persistence\Unhallowed.Persistence.csproj", "{F7913671-9378-4719-A772-727E4DA8064A}"
EndProject
Project("{FAE04EC0-301F-11D3-BF4B-00C04F79EFBC}") = "Unhallowed.Server", "src\Unhallowed.Server\Unhallowed.Server.csproj", "{579CAAF1-32C8-4C01-8B17-876865B02482}"
EndProject
Project("{FAE04EC0-301F-11D3-BF4B-00C04F79EFBC}") = "Unhallowed.Client", "src\Unhallowed.Client\Unhallowed.Client.csproj", "{80295934-CC0E-4A6D-9C61-2835A65F766F}"
EndProject
Project("{FAE04EC0-301F-11D3-BF4B-00C04F79EFBC}") = "Unhallowed.PatternDemos", "src\Unhallowed.PatternDemos\Unhallowed.PatternDemos.csproj", "{E1B79059-5D56-4B76-8F2C-4089356CF6D9}"
EndProject
Project("{2150E333-8FDC-42A3-9474-1A3956D46DE8}") = "tests", "tests", "{0AB3BF05-4346-4AA6-1389-037BE0695223}"
EndProject
Project("{FAE04EC0-301F-11D3-BF4B-00C04F79EFBC}") = "Unhallowed.Tests", "tests\Unhallowed.Tests\Unhallowed.Tests.csproj", "{877D1987-E7E9-4051-87DC-121221FFA4D4}"
EndProject
Global
	GlobalSection(SolutionConfigurationPlatforms) = preSolution
		Debug|Any CPU = Debug|Any CPU
		Debug|x64 = Debug|x64
		Debug|x86 = Debug|x86
		Release|Any CPU = Release|Any CPU
		Release|x64 = Release|x64
		Release|x86 = Release|x86
	EndGlobalSection
	GlobalSection(ProjectConfigurationPlatforms) = postSolution
		{F30C5472-2D55-4FDE-A1EC-CB0B08AE254D}.Debug|Any CPU.ActiveCfg = Debug|Any CPU
		{F30C5472-2D55-4FDE-A1EC-CB0B08AE254D}.Debug|Any CPU.Build.0 = Debug|Any CPU
		{F30C5472-2D55-4FDE-A1EC-CB0B08AE254D}.Debug|x64.ActiveCfg = Debug|Any CPU
		{F30C5472-2D55-4FDE-A1EC-CB0B08AE254D}.Debug|x64.Build.0 = Debug|Any CPU
		{F30C5472-2D55-4FDE-A1EC-CB0B08AE254D}.Debug|x86.ActiveCfg = Debug|Any CPU
		{F30C5472-2D55-4FDE-A1EC-CB0B08AE254D}.Debug|x86.Build.0 = Debug|Any CPU
		{F30C5472-2D55-4FDE-A1EC-CB0B08AE254D}.Release|Any CPU.ActiveCfg = Release|Any CPU
		{F30C5472-2D55-4FDE-A1EC-CB0B08AE254D}.Release|Any CPU.Build.0 = Release|Any CPU
		{F30C5472-2D55-4FDE-A1EC-CB0B08AE254D}.Release|x64.ActiveCfg = Release|Any CPU
		{F30C5472-2D55-4FDE-A1EC-CB0B08AE254D}.Release|x64.Build.0 = Release|Any CPU
		{F30C5472-2D55-4FDE-A1EC-CB0B08AE254D}.Release|x86.ActiveCfg = Release|Any CPU
		{F30C5472-2D55-4FDE-A1EC-CB0B08AE254D}.Release|x86.Build.0 = Release|Any CPU
		{209B6806-F500-4C40-9523-F74A4B2C7C5B}.Debug|Any CPU.ActiveCfg = Debug|Any CPU
		{209B6806-F500-4C40-9523-F74A4B2C7C5B}.Debug|Any CPU.Build.0 = Debug|Any CPU
		{209B6806-F500-4C40-9523-F74A4B2C7C5B}.Debug|x64.ActiveCfg = Debug|Any CPU
		{209B6806-F500-4C40-9523-F74A4B2C7C5B}.Debug|x64.Build.0 = Debug|Any CPU
		{209B6806-F500-4C40-9523-F74A4B2C7C5B}.Debug|x86.ActiveCfg = Debug|Any CPU
		{209B6806-F500-4C40-9523-F74A4B2C7C5B}.Debug|x86.Build.0 = Debug|Any CPU
		{209B6806-F500-4C40-9523-F74A4B2C7C5B}.Release|Any CPU.ActiveCfg = Release|Any CPU
		{209B6806-F500-4C40-9523-F74A4B2C7C5B}.Release|Any CPU.Build.0 = Release|Any CPU
		{209B6806-F500-4C40-9523-F74A4B2C7C5B}.Release|x64.ActiveCfg = Release|Any CPU
		{209B6806-F500-4C40-9523-F74A4B2C7C5B}.Release|x64.Build.0 = Release|Any CPU
		{209B6806-F500-4C40-9523-F74A4B2C7C5B}.Release|x86.ActiveCfg = Release|Any CPU
		{209B6806-F500-4C40-9523-F74A4B2C7C5B}.Release|x86.Build.0 = Release|Any CPU
		{F7913671-9378-4719-A772-727E4DA8064A}.Debug|Any CPU.ActiveCfg = Debug|Any CPU
		{F7913671-9378-4719-A772-727E4DA8064A}.Debug|Any CPU.Build.0 = Debug|Any CPU
		{F7913671-9378-4719-A772-727E4DA8064A}.Debug|x64.ActiveCfg = Debug|Any CPU
		{F7913671-9378-4719-A772-727E4DA8064A}.Debug|x64.Build.0 = Debug|Any CPU
		{F7913671-9378-4719-A772-727E4DA8064A}.Debug|x86.ActiveCfg = Debug|Any CPU
		{F7913671-9378-4719-A772-727E4DA8064A}.Debug|x86.Build.0 = Debug|Any CPU
		{F7913671-9378-4719-A772-727E4DA8064A}.Release|Any CPU.ActiveCfg = Release|Any CPU
		{F7913671-9378-4719-A772-727E4DA8064A}.Release|Any CPU.Build.0 = Release|Any CPU
		{F7913671-9378-4719-A772-727E4DA8064A}.Release|x64.ActiveCfg = Release|Any CPU
		{F7913671-9378-4719-A772-727E4DA8064A}.Release|x64.Build.0 = Release|Any CPU
		{F7913671-9378-4719-A772-727E4DA8064A}.Release|x86.ActiveCfg = Release|Any CPU
		{F7913671-9378-4719-A772-727E4DA8064A}.Release|x86.Build.0 = Release|Any CPU
		{579CAAF1-32C8-4C01-8B17-876865B02482}.Debug|Any CPU.ActiveCfg = Debug|Any CPU
		{579CAAF1-32C8-4C01-8B17-876865B02482}.Debug|Any CPU.Build.0 = Debug|Any CPU
		{579CAAF1-32C8-4C01-8B17-876865B02482}.Debug|x64.ActiveCfg = Debug|Any CPU
		{579CAAF1-32C8-4C01-8B17-876865B02482}.Debug|x64.Build.0 = Debug|Any CPU
		{579CAAF1-32C8-4C01-8B17-876865B02482}.Debug|x86.ActiveCfg = Debug|Any CPU
		{579CAAF1-32C8-4C01-8B17-876865B02482}.Debug|x86.Build.0 = Debug|Any CPU
		{579CAAF1-32C8-4C01-8B17-876865B02482}.Release|Any CPU.ActiveCfg = Release|Any CPU
		{579CAAF1-32C8-4C01-8B17-876865B02482}.Release|Any CPU.Build.0 = Release|Any CPU
		{579CAAF1-32C8-4C01-8B17-876865B02482}.Release|x64.ActiveCfg = Release|Any CPU
		{579CAAF1-32C8-4C01-8B17-876865B02482}.Release|x64.Build.0 = Release|Any CPU
		{579CAAF1-32C8-4C01-8B17-876865B02482}.Release|x86.ActiveCfg = Release|Any CPU
		{579CAAF1-32C8-4C01-8B17-876865B02482}.Release|x86.Build.0 = Release|Any CPU
		{80295934-CC0E-4A6D-9C61-2835A65F766F}.Debug|Any CPU.ActiveCfg = Debug|Any CPU
		{80295934-CC0E-4A6D-9C61-2835A65F766F}.Debug|Any CPU.Build.0 = Debug|Any CPU
		{80295934-CC0E-4A6D-9C61-2835A65F766F}.Debug|x64.ActiveCfg = Debug|Any CPU
		{80295934-CC0E-4A6D-9C61-2835A65F766F}.Debug|x64.Build.0 = Debug|Any CPU
		{80295934-CC0E-4A6D-9C61-2835A65F766F}.Debug|x86.ActiveCfg = Debug|Any CPU
		{80295934-CC0E-4A6D-9C61-2835A65F766F}.Debug|x86.Build.0 = Debug|Any CPU
		{80295934-CC0E-4A6D-9C61-2835A65F766F}.Release|Any CPU.ActiveCfg = Release|Any CPU
		{80295934-CC0E-4A6D-9C61-2835A65F766F}.Release|Any CPU.Build.0 = Release|Any CPU
		{80295934-CC0E-4A6D-9C61-2835A65F766F}.Release|x64.ActiveCfg = Release|Any CPU
		{80295934-CC0E-4A6D-9C61-2835A65F766F}.Release|x64.Build.0 = Release|Any CPU
		{80295934-CC0E-4A6D-9C61-2835A65F766F}.Release|x86.ActiveCfg = Release|Any CPU
		{80295934-CC0E-4A6D-9C61-2835A65F766F}.Release|x86.Build.0 = Release|Any CPU
		{E1B79059-5D56-4B76-8F2C-4089356CF6D9}.Debug|Any CPU.ActiveCfg = Debug|Any CPU
		{E1B79059-5D56-4B76-8F2C-4089356CF6D9}.Debug|Any CPU.Build.0 = Debug|Any CPU
		{E1B79059-5D56-4B76-8F2C-4089356CF6D9}.Debug|x64.ActiveCfg = Debug|Any CPU
		{E1B79059-5D56-4B76-8F2C-4089356CF6D9}.Debug|x64.Build.0 = Debug|Any CPU
		{E1B79059-5D56-4B76-8F2C-4089356CF6D9}.Debug|x86.ActiveCfg = Debug|Any CPU
		{E1B79059-5D56-4B76-8F2C-4089356CF6D9}.Debug|x86.Build.0 = Debug|Any CPU
		{E1B79059-5D56-4B76-8F2C-4089356CF6D9}.Release|Any CPU.ActiveCfg = Release|Any CPU
		{E1B79059-5D56-4B76-8F2C-4089356CF6D9}.Release|Any CPU.Build.0 = Release|Any CPU
		{E1B79059-5D56-4B76-8F2C-4089356CF6D9}.Release|x64.ActiveCfg = Release|Any CPU
		{E1B79059-5D56-4B76-8F2C-4089356CF6D9}.Release|x64.Build.0 = Release|Any CPU
		{E1B79059-5D56-4B76-8F2C-4089356CF6D9}.Release|x86.ActiveCfg = Release|Any CPU
		{E1B79059-5D56-4B76-8F2C-4089356CF6D9}.Release|x86.Build.0 = Release|Any CPU
		{877D1987-E7E9-4051-87DC-121221FFA4D4}.Debug|Any CPU.ActiveCfg = Debug|Any CPU
		{877D1987-E7E9-4051-87DC-121221FFA4D4}.Debug|Any CPU.Build.0 = Debug|Any CPU
		{877D1987-E7E9-4051-87DC-121221FFA4D4}.Debug|x64.ActiveCfg = Debug|Any CPU
		{877D1987-E7E9-4051-87DC-121221FFA4D4}.Debug|x64.Build.0 = Debug|Any CPU
		{877D1987-E7E9-4051-87DC-121221FFA4D4}.Debug|x86.ActiveCfg = Debug|Any CPU
		{877D1987-E7E9-4051-87DC-121221FFA4D4}.Debug|x86.Build.0 = Debug|Any CPU
		{877D1987-E7E9-4051-87DC-121221FFA4D4}.Release|Any CPU.ActiveCfg = Release|Any CPU
		{877D1987-E7E9-4051-87DC-121221FFA4D4}.Release|Any CPU.Build.0 = Release|Any CPU
		{877D1987-E7E9-4051-87DC-121221FFA4D4}.Release|x64.ActiveCfg = Release|Any CPU
		{877D1987-E7E9-4051-87DC-121221FFA4D4}.Release|x64.Build.0 = Release|Any CPU
		{877D1987-E7E9-4051-87DC-121221FFA4D4}.Release|x86.ActiveCfg = Release|Any CPU
		{877D1987-E7E9-4051-87DC-121221FFA4D4}.Release|x86.Build.0 = Release|Any CPU
	EndGlobalSection
	GlobalSection(SolutionProperties) = preSolution
		HideSolutionNode = FALSE
	EndGlobalSection
	GlobalSection(NestedProjects) = preSolution
		{F30C5472-2D55-4FDE-A1EC-CB0B08AE254D} = {827E0CD3-B72D-47B6-A68D-7590B98EB39B}
		{209B6806-F500-4C40-9523-F74A4B2C7C5B} = {827E0CD3-B72D-47B6-A68D-7590B98EB39B}
		{F7913671-9378-4719-A772-727E4DA8064A} = {827E0CD3-B72D-47B6-A68D-7590B98EB39B}
		{579CAAF1-32C8-4C01-8B17-876865B02482} = {827E0CD3-B72D-47B6-A68D-7590B98EB39B}
		{80295934-CC0E-4A6D-9C61-2835A65F766F} = {827E0CD3-B72D-47B6-A68D-7590B98EB39B}
		{E1B79059-5D56-4B76-8F2C-4089356CF6D9} = {827E0CD3-B72D-47B6-A68D-7590B98EB39B}
		{877D1987-E7E9-4051-87DC-121221FFA4D4} = {0AB3BF05-4346-4AA6-1389-037BE0695223}
	EndGlobalSection
EndGlobal
